
Microsoft Visual Studio Solution File, Format Version 12.00
# Visual Studio Version 16
VisualStudioVersion = 16.0.30621.155
MinimumVisualStudioVersion = 10.0.40219.1
Project("{151D2E53-A2C4-4D7D-83FE-D05416EBD58E}") = "AzureResourceGroup1", "AzureResourceGroup1.deployproj", "{DBB73347-1871-4A94-A1A1-FE7C7237E74C}"
EndProject
Global
	GlobalSection(SolutionConfigurationPlatforms) = preSolution
		Debug|Any CPU = Debug|Any CPU
		Release|Any CPU = Release|Any CPU
	EndGlobalSection
	GlobalSection(ProjectConfigurationPlatforms) = postSolution
		{DBB73347-1871-4A94-A1A1-FE7C7237E74C}.Debug|Any CPU.ActiveCfg = Debug|Any CPU
		{DBB73347-1871-4A94-A1A1-FE7C7237E74C}.Debug|Any CPU.Build.0 = Debug|Any CPU
		{DBB73347-1871-4A94-A1A1-FE7C7237E74C}.Release|Any CPU.ActiveCfg = Release|Any CPU
		{DBB73347-1871-4A94-A1A1-FE7C7237E74C}.Release|Any CPU.Build.0 = Release|Any CPU
	EndGlobalSection
	GlobalSection(SolutionProperties) = preSolution
		HideSolutionNode = FALSE
	EndGlobalSection
	GlobalSection(ExtensibilityGlobals) = postSolution
		SolutionGuid = {138101A6-9E69-487F-8FE7-F0EC2A52C666}
	EndGlobalSection
EndGlobal
